{
    "_readme": [
        "This file locks the dependencies of your project to a known state",
        "Read more about it at https://getcomposer.org/doc/01-basic-usage.md#composer-lock-the-lock-file",
        "This file is @generated automatically"
    ],
    "hash": "e2a1e7520e0b9fcb113cbd1d63559b2a",
    "content-hash": "c7054edcd800b4c50d1546be76013341",
    "packages": [
        {
            "name": "projectivemotion/php-scraper-tools",
            "version": "0.2.0",
            "source": {
                "type": "git",
                "url": "https://github.com/projectivemotion/php-scraper-tools.git",
                "reference": "e68f2f22f7c81ba5e24aeb4c535d80f47ea53ce5"
            },
            "dist": {
                "type": "zip",
                "url": "https://api.github.com/repos/projectivemotion/php-scraper-tools/zipball/e68f2f22f7c81ba5e24aeb4c535d80f47ea53ce5",
                "reference": "e68f2f22f7c81ba5e24aeb4c535d80f47ea53ce5",
                "shasum": ""
            },
            "require-dev": {
                "mikey179/vfsstream": "~1",
                "phpunit/phpunit": "5.0.*"
            },
            "type": "library",
            "autoload": {
                "psr-4": {
                    "projectivemotion\\PhpScraperTools\\": "src/"
                }
            },
            "notification-url": "https://packagist.org/downloads/",
            "license": [
                "MIT"
            ],
            "authors": [
                {
                    "name": "Amado Martinez",
                    "email": "amado@projectivemotion.com"
                }
            ],
            "description": "PHP Curl Wrapper. Written specifically for scraping purposes.",
            "time": "2016-06-27 23:27:15"
        }
    ],
    "packages-dev": [],
    "aliases": [],
    "minimum-stability": "dev",
    "stability-flags": [],
    "prefer-stable": false,
    "prefer-lowest": false,
    "platform": [],
    "platform-dev": []
}
