{
    "_readme": [
        "This file locks the dependencies of your project to a known state",
        "Read more about it at https://getcomposer.org/doc/01-basic-usage.md#composer-lock-the-lock-file",
        "This file is @generated automatically"
    ],
    "hash": "f9c2f7f35735b88549f45726767f197d",
    "content-hash": "4df69071abaea4108b4d6e7b07d0feee",
    "packages": [
        {
            "name": "projectivemotion/php-scraper-tools",
            "version": "1.0.0",
            "source": {
                "type": "git",
                "url": "https://github.com/projectivemotion/php-scraper-tools.git",
                "reference": "1008ecc927c720441b8faa9ef62b607c07383e75"
            },
            "dist": {
                "type": "zip",
                "url": "https://api.github.com/repos/projectivemotion/php-scraper-tools/zipball/1008ecc927c720441b8faa9ef62b607c07383e75",
                "reference": "1008ecc927c720441b8faa9ef62b607c07383e75",
                "shasum": ""
            },
            "require-dev": {
                "mikey179/vfsstream": "~1",
                "phpunit/phpunit": "5.0.*"
            },
            "type": "library",
            "autoload": {
                "psr-4": {
                    "projectivemotion\\PhpScraperTools\\": "src/"
                }
            },
            "notification-url": "https://packagist.org/downloads/",
            "license": [
                "MIT"
            ],
            "authors": [
                {
                    "name": "Amado Martinez",
                    "email": "amado@projectivemotion.com"
                }
            ],
            "description": "PHP Curl Wrapper. Written specifically for scraping purposes.",
            "time": "2016-11-30 15:36:39"
        }
    ],
    "packages-dev": [],
    "aliases": [],
    "minimum-stability": "dev",
    "stability-flags": [],
    "prefer-stable": false,
    "prefer-lowest": false,
    "platform": [],
    "platform-dev": []
}
