{
    "_readme": [
        "This file locks the dependencies of your project to a known state",
        "Read more about it at https://getcomposer.org/doc/01-basic-usage.md#composer-lock-the-lock-file",
        "This file is @generated automatically"
    ],
    "hash": "2d9bc03959a1accfde3cc804328c4a39",
    "content-hash": "057ad3e5b3ad71e65326b6c26488e747",
    "packages": [
        {
            "name": "projectivemotion/php-scraper-tools",
            "version": "0.1.0",
            "source": {
                "type": "git",
                "url": "https://github.com/projectivemotion/php-scraper-tools.git",
                "reference": "8df696054a1a6fc5eca2ce289f3fb3b350472405"
            },
            "dist": {
                "type": "zip",
                "url": "https://api.github.com/repos/projectivemotion/php-scraper-tools/zipball/8df696054a1a6fc5eca2ce289f3fb3b350472405",
                "reference": "8df696054a1a6fc5eca2ce289f3fb3b350472405",
                "shasum": ""
            },
            "require-dev": {
                "mikey179/vfsstream": "~1",
                "phpunit/phpunit": "5.0.*"
            },
            "type": "library",
            "autoload": {
                "psr-4": {
                    "projectivemotion\\PhpScraperTools\\": "src/"
                }
            },
            "notification-url": "https://packagist.org/downloads/",
            "license": [
                "MIT"
            ],
            "authors": [
                {
                    "name": "Amado Martinez",
                    "email": "amado@projectivemotion.com"
                }
            ],
            "description": "PHP Curl Wrapper. Written specifically for scraping purposes.",
            "time": "2016-03-15 08:15:07"
        }
    ],
    "packages-dev": [],
    "aliases": [],
    "minimum-stability": "dev",
    "stability-flags": [],
    "prefer-stable": false,
    "prefer-lowest": false,
    "platform": [],
    "platform-dev": []
}
